// !$*UTF8*$!
{
	archiveVersion = 1;
	classes = {
	};
	objectVersion = 46;
	objects = {

/* Begin PBXBuildFile section */
		52D3DD521B148E6100B6F411 /* AppDelegate.swift in Sources */ = {isa = PBXBuildFile; fileRef = 52D3DD511B148E6100B6F411 /* AppDelegate.swift */; };
		52D3DD541B148E6100B6F411 /* ViewController.swift in Sources */ = {isa = PBXBuildFile; fileRef = 52D3DD531B148E6100B6F411 /* ViewController.swift */; };
		52D3DD571B148E6100B6F411 /* Main.storyboard in Resources */ = {isa = PBXBuildFile; fileRef = 52D3DD551B148E6100B6F411 /* Main.storyboard */; };
		52D3DD591B148E6100B6F411 /* Images.xcassets in Resources */ = {isa = PBXBuildFile; fileRef = 52D3DD581B148E6100B6F411 /* Images.xcassets */; };
		52D3DD5C1B148E6100B6F411 /* LaunchScreen.xib in Resources */ = {isa = PBXBuildFile; fileRef = 52D3DD5A1B148E6100B6F411 /* LaunchScreen.xib */; };
		52D3DD681B148E6100B6F411 /* SixThingsTests.swift in Sources */ = {isa = PBXBuildFile; fileRef = 52D3DD671B148E6100B6F411 /* SixThingsTests.swift */; };
/* End PBXBuildFile section */

/* Begin PBXContainerItemProxy section */
		52D3DD621B148E6100B6F411 /* PBXContainerItemProxy */ = {
			isa = PBXContainerItemProxy;
			containerPortal = 52D3DD441B148E6100B6F411 /* Project object */;
			proxyType = 1;
			remoteGlobalIDString = 52D3DD4B1B148E6100B6F411;
			remoteInfo = SixThings;
		};
/* End PBXContainerItemProxy section */

/* Begin PBXFileReference section */
		52D3DD4C1B148E6100B6F411 /* SixThings.app */ = {isa = PBXFileReference; explicitFileType = wrapper.application; includeInIndex = 0; path = SixThings.app; sourceTree = BUILT_PRODUCTS_DIR; };
		52D3DD501B148E6100B6F411 /* Info.plist */ = {isa = PBXFileReference; lastKnownFileType = text.plist.xml; path = Info.plist; sourceTree = "<group>"; };
		52D3DD511B148E6100B6F411 /* AppDelegate.swift */ = {isa = PBXFileReference; lastKnownFileType = sourcecode.swift; path = AppDelegate.swift; sourceTree = "<group>"; };
		52D3DD531B148E6100B6F411 /* ViewController.swift */ = {isa = PBXFileReference; lastKnownFileType = sourcecode.swift; path = ViewController.swift; sourceTree = "<group>"; };
		52D3DD561B148E6100B6F411 /* Base */ = {isa = PBXFileReference; lastKnownFileType = file.storyboard; name = Base; path = Base.lproj/Main.storyboard; sourceTree = "<group>"; };
		52D3DD581B148E6100B6F411 /* Images.xcassets */ = {isa = PBXFileReference; lastKnownFileType = folder.assetcatalog; path = Images.xcassets; sourceTree = "<group>"; };
		52D3DD5B1B148E6100B6F411 /* Base */ = {isa = PBXFileReference; lastKnownFileType = file.xib; name = Base; path = Base.lproj/LaunchScreen.xib; sourceTree = "<group>"; };
		52D3DD611B148E6100B6F411 /* SixThingsTests.xctest */ = {isa = PBXFileReference; explicitFileType = wrapper.cfbundle; includeInIndex = 0; path = SixThingsTests.xctest; sourceTree = BUILT_PRODUCTS_DIR; };
		52D3DD661B148E6100B6F411 /* Info.plist */ = {isa = PBXFileReference; lastKnownFileType = text.plist.xml; path = Info.plist; sourceTree = "<group>"; };
		52D3DD671B148E6100B6F411 /* SixThingsTests.swift */ = {isa = PBXFileReference; lastKnownFileType = sourcecode.swift; path = SixThingsTests.swift; sourceTree = "<group>"; };
/* End PBXFileReference section */

/* Begin PBXFrameworksBuildPhase section */
		52D3DD491B148E6100B6F411 /* Frameworks */ = {
			isa = PBXFrameworksBuildPhase;
			buildActionMask = 2147483647;
			files = (
			);
			runOnlyForDeploymentPostprocessing = 0;
		};
		52D3DD5E1B148E6100B6F411 /* Frameworks */ = {
			isa = PBXFrameworksBuildPhase;
			buildActionMask = 2147483647;
			files = (
			);
			runOnlyForDeploymentPostprocessing = 0;
		};
/* End PBXFrameworksBuildPhase section */

/* Begin PBXGroup section */
		52D3DD431B148E6100B6F411 = {
			isa = PBXGroup;
			children = (
				52D3DD4E1B148E6100B6F411 /* SixThings */,
				52D3DD641B148E6100B6F411 /* SixThingsTests */,
				52D3DD4D1B148E6100B6F411 /* Products */,
			);
			sourceTree = "<group>";
		};
		52D3DD4D1B148E6100B6F411 /* Products */ = {
			isa = PBXGroup;
			children = (
				52D3DD4C1B148E6100B6F411 /* SixThings.app */,
				52D3DD611B148E6100B6F411 /* SixThingsTests.xctest */,
			);
			name = Products;
			sourceTree = "<group>";
		};
		52D3DD4E1B148E6100B6F411 /* SixThings */ = {
			isa = PBXGroup;
			children = (
				52D3DD511B148E6100B6F411 /* AppDelegate.swift */,
				52D3DD531B148E6100B6F411 /* ViewController.swift */,
				52D3DD551B148E6100B6F411 /* Main.storyboard */,
				52D3DD581B148E6100B6F411 /* Images.xcassets */,
				52D3DD5A1B148E6100B6F411 /* LaunchScreen.xib */,
				52D3DD4F1B148E6100B6F411 /* Supporting Files */,
			);
			path = SixThings;
			sourceTree = "<group>";
		};
		52D3DD4F1B148E6100B6F411 /* Supporting Files */ = {
			isa = PBXGroup;
			children = (
				52D3DD501B148E6100B6F411 /* Info.plist */,
			);
			name = "Supporting Files";
			sourceTree = "<group>";
		};
		52D3DD641B148E6100B6F411 /* SixThingsTests */ = {
			isa = PBXGroup;
			children = (
				52D3DD671B148E6100B6F411 /* SixThingsTests.swift */,
				52D3DD651B148E6100B6F411 /* Supporting Files */,
			);
			path = SixThingsTests;
			sourceTree = "<group>";
		};
		52D3DD651B148E6100B6F411 /* Supporting Files */ = {
			isa = PBXGroup;
			children = (
				52D3DD661B148E6100B6F411 /* Info.plist */,
			);
			name = "Supporting Files";
			sourceTree = "<group>";
		};
/* End PBXGroup section */

/* Begin PBXNativeTarget section */
		52D3DD4B1B148E6100B6F411 /* SixThings */ = {
			isa = PBXNativeTarget;
			buildConfigurationList = 52D3DD6B1B148E6100B6F411 /* Build configuration list for PBXNativeTarget "SixThings" */;
			buildPhases = (
				52D3DD481B148E6100B6F411 /* Sources */,
				52D3DD491B148E6100B6F411 /* Frameworks */,
				52D3DD4A1B148E6100B6F411 /* Resources */,
			);
			buildRules = (
			);
			dependencies = (
			);
			name = SixThings;
			productName = SixThings;
			productReference = 52D3DD4C1B148E6100B6F411 /* SixThings.app */;
			productType = "com.apple.product-type.application";
		};
		52D3DD601B148E6100B6F411 /* SixThingsTests */ = {
			isa = PBXNativeTarget;
			buildConfigurationList = 52D3DD6E1B148E6100B6F411 /* Build configuration list for PBXNativeTarget "SixThingsTests" */;
			buildPhases = (
				52D3DD5D1B148E6100B6F411 /* Sources */,
				52D3DD5E1B148E6100B6F411 /* Frameworks */,
				52D3DD5F1B148E6100B6F411 /* Resources */,
			);
			buildRules = (
			);
			dependencies = (
				52D3DD631B148E6100B6F411 /* PBXTargetDependency */,
			);
			name = SixThingsTests;
			productName = SixThingsTests;
			productReference = 52D3DD611B148E6100B6F411 /* SixThingsTests.xctest */;
			productType = "com.apple.product-type.bundle.unit-test";
		};
/* End PBXNativeTarget section */

/* Begin PBXProject section */
		52D3DD441B148E6100B6F411 /* Project object */ = {
			isa = PBXProject;
			attributes = {
				LastUpgradeCheck = 0610;
				ORGANIZATIONNAME = 256dpi;
				TargetAttributes = {
					52D3DD4B1B148E6100B6F411 = {
						CreatedOnToolsVersion = 6.1.1;
					};
					52D3DD601B148E6100B6F411 = {
						CreatedOnToolsVersion = 6.1.1;
						TestTargetID = 52D3DD4B1B148E6100B6F411;
					};
				};
			};
			buildConfigurationList = 52D3DD471B148E6100B6F411 /* Build configuration list for PBXProject "SixThings" */;
			compatibilityVersion = "Xcode 3.2";
			developmentRegion = English;
			hasScannedForEncodings = 0;
			knownRegions = (
				en,
				Base,
			);
			mainGroup = 52D3DD431B148E6100B6F411;
			productRefGroup = 52D3DD4D1B148E6100B6F411 /* Products */;
			projectDirPath = "";
			projectRoot = "";
			targets = (
				52D3DD4B1B148E6100B6F411 /* SixThings */,
				52D3DD601B148E6100B6F411 /* SixThingsTests */,
			);
		};
/* End PBXProject section */

/* Begin PBXResourcesBuildPhase section */
		52D3DD4A1B148E6100B6F411 /* Resources */ = {
			isa = PBXResourcesBuildPhase;
			buildActionMask = 2147483647;
			files = (
				52D3DD571B148E6100B6F411 /* Main.storyboard in Resources */,
				52D3DD5C1B148E6100B6F411 /* LaunchScreen.xib in Resources */,
				52D3DD591B148E6100B6F411 /* Images.xcassets in Resources */,
			);
			runOnlyForDeploymentPostprocessing = 0;
		};
		52D3DD5F1B148E6100B6F411 /* Resources */ = {
			isa = PBXResourcesBuildPhase;
			buildActionMask = 2147483647;
			files = (
			);
			runOnlyForDeploymentPostprocessing = 0;
		};
/* End PBXResourcesBuildPhase section */

/* Begin PBXSourcesBuildPhase section */
		52D3DD481B148E6100B6F411 /* Sources */ = {
			isa = PBXSourcesBuildPhase;
			buildActionMask = 2147483647;
			files = (
				52D3DD541B148E6100B6F411 /* ViewController.swift in Sources */,
				52D3DD521B148E6100B6F411 /* AppDelegate.swift in Sources */,
			);
			runOnlyForDeploymentPostprocessing = 0;
		};
		52D3DD5D1B148E6100B6F411 /* Sources */ = {
			isa = PBXSourcesBuildPhase;
			buildActionMask = 2147483647;
			files = (
				52D3DD681B148E6100B6F411 /* SixThingsTests.swift in Sources */,
			);
			runOnlyForDeploymentPostprocessing = 0;
		};
/* End PBXSourcesBuildPhase section */

/* Begin PBXTargetDependency section */
		52D3DD631B148E6100B6F411 /* PBXTargetDependency */ = {
			isa = PBXTargetDependency;
			target = 52D3DD4B1B148E6100B6F411 /* SixThings */;
			targetProxy = 52D3DD621B148E6100B6F411 /* PBXContainerItemProxy */;
		};
/* End PBXTargetDependency section */

/* Begin PBXVariantGroup section */
		52D3DD551B148E6100B6F411 /* Main.storyboard */ = {
			isa = PBXVariantGroup;
			children = (
				52D3DD561B148E6100B6F411 /* Base */,
			);
			name = Main.storyboard;
			sourceTree = "<group>";
		};
		52D3DD5A1B148E6100B6F411 /* LaunchScreen.xib */ = {
			isa = PBXVariantGroup;
			children = (
				52D3DD5B1B148E6100B6F411 /* Base */,
			);
			name = LaunchScreen.xib;
			sourceTree = "<group>";
		};
/* End PBXVariantGroup section */

/* Begin XCBuildConfiguration section */
		52D3DD691B148E6100B6F411 /* Debug */ = {
			isa = XCBuildConfiguration;
			buildSettings = {
				ALWAYS_SEARCH_USER_PATHS = NO;
				CLANG_CXX_LANGUAGE_STANDARD = "gnu++0x";
				CLANG_CXX_LIBRARY = "libc++";
				CLANG_ENABLE_MODULES = YES;
				CLANG_ENABLE_OBJC_ARC = YES;
				CLANG_WARN_BOOL_CONVERSION = YES;
				CLANG_WARN_CONSTANT_CONVERSION = YES;
				CLANG_WARN_DIRECT_OBJC_ISA_USAGE = YES_ERROR;
				CLANG_WARN_EMPTY_BODY = YES;
				CLANG_WARN_ENUM_CONVERSION = YES;
				CLANG_WARN_INT_CONVERSION = YES;
				CLANG_WARN_OBJC_ROOT_CLASS = YES_ERROR;
				CLANG_WARN_UNREACHABLE_CODE = YES;
				CLANG_WARN__DUPLICATE_METHOD_MATCH = YES;
				"CODE_SIGN_IDENTITY[sdk=iphoneos*]" = "iPhone Developer";
				COPY_PHASE_STRIP = NO;
				ENABLE_STRICT_OBJC_MSGSEND = YES;
				GCC_C_LANGUAGE_STANDARD = gnu99;
				GCC_DYNAMIC_NO_PIC = NO;
				GCC_OPTIMIZATION_LEVEL = 0;
				GCC_PREPROCESSOR_DEFINITIONS = (
					"DEBUG=1",
					"$(inherited)",
				);
				GCC_SYMBOLS_PRIVATE_EXTERN = NO;
				GCC_WARN_64_TO_32_BIT_CONVERSION = YES;
				GCC_WARN_ABOUT_RETURN_TYPE = YES_ERROR;
				GCC_WARN_UNDECLARED_SELECTOR = YES;
				GCC_WARN_UNINITIALIZED_AUTOS = YES_AGGRESSIVE;
				GCC_WARN_UNUSED_FUNCTION = YES;
				GCC_WARN_UNUSED_VARIABLE = YES;
				IPHONEOS_DEPLOYMENT_TARGET = 8.1;
				MTL_ENABLE_DEBUG_INFO = YES;
				ONLY_ACTIVE_ARCH = YES;
				SDKROOT = iphoneos;
				SWIFT_OPTIMIZATION_LEVEL = "-Onone";
				TARGETED_DEVICE_FAMILY = 2;
			};
			name = Debug;
		};
		52D3DD6A1B148E6100B6F411 /* Release */ = {
			isa = XCBuildConfiguration;
			buildSettings = {
				ALWAYS_SEARCH_USER_PATHS = NO;
				CLANG_CXX_LANGUAGE_STANDARD = "gnu++0x";
				CLANG_CXX_LIBRARY = "libc++";
				CLANG_ENABLE_MODULES = YES;
				CLANG_ENABLE_OBJC_ARC = YES;
				CLANG_WARN_BOOL_CONVERSION = YES;
				CLANG_WARN_CONSTANT_CONVERSION = YES;
				CLANG_WARN_DIRECT_OBJC_ISA_USAGE = YES_ERROR;
				CLANG_WARN_EMPTY_BODY = YES;
				CLANG_WARN_ENUM_CONVERSION = YES;
				CLANG_WARN_INT_CONVERSION = YES;
				CLANG_WARN_OBJC_ROOT_CLASS = YES_ERROR;
				CLANG_WARN_UNREACHABLE_CODE = YES;
				CLANG_WARN__DUPLICATE_METHOD_MATCH = YES;
				"CODE_SIGN_IDENTITY[sdk=iphoneos*]" = "iPhone Developer";
				COPY_PHASE_STRIP = YES;
				ENABLE_NS_ASSERTIONS = NO;
				ENABLE_STRICT_OBJC_MSGSEND = YES;
				GCC_C_LANGUAGE_STANDARD = gnu99;
				GCC_WARN_64_TO_32_BIT_CONVERSION = YES;
				GCC_WARN_ABOUT_RETURN_TYPE = YES_ERROR;
				GCC_WARN_UNDECLARED_SELECTOR = YES;
				GCC_WARN_UNINITIALIZED_AUTOS = YES_AGGRESSIVE;
				GCC_WARN_UNUSED_FUNCTION = YES;
				GCC_WARN_UNUSED_VARIABLE = YES;
				IPHONEOS_DEPLOYMENT_TARGET = 8.1;
				MTL_ENABLE_DEBUG_INFO = NO;
				SDKROOT = iphoneos;
				TARGETED_DEVICE_FAMILY = 2;
				VALIDATE_PRODUCT = YES;
			};
			name = Release;
		};
		52D3DD6C1B148E6100B6F411 /* Debug */ = {
			isa = XCBuildConfiguration;
			buildSettings = {
				ASSETCATALOG_COMPILER_APPICON_NAME = AppIcon;
				INFOPLIST_FILE = SixThings/Info.plist;
				LD_RUNPATH_SEARCH_PATHS = "$(inherited) @executable_path/Frameworks";
				PRODUCT_NAME = "$(TARGET_NAME)";
			};
			name = Debug;
		};
		52D3DD6D1B148E6100B6F411 /* Release */ = {
			isa = XCBuildConfiguration;
			buildSettings = {
				ASSETCATALOG_COMPILER_APPICON_NAME = AppIcon;
				INFOPLIST_FILE = SixThings/Info.plist;
				LD_RUNPATH_SEARCH_PATHS = "$(inherited) @executable_path/Frameworks";
				PRODUCT_NAME = "$(TARGET_NAME)";
			};
			name = Release;
		};
		52D3DD6F1B148E6100B6F411 /* Debug */ = {
			isa = XCBuildConfiguration;
			buildSettings = {
				BUNDLE_LOADER = "$(TEST_HOST)";
				FRAMEWORK_SEARCH_PATHS = (
					"$(SDKROOT)/Developer/Library/Frameworks",
					"$(inherited)",
				);
				GCC_PREPROCESSOR_DEFINITIONS = (
					"DEBUG=1",
					"$(inherited)",
				);
				INFOPLIST_FILE = SixThingsTests/Info.plist;
				LD_RUNPATH_SEARCH_PATHS = "$(inherited) @executable_path/Frameworks @loader_path/Frameworks";
				PRODUCT_NAME = "$(TARGET_NAME)";
				TEST_HOST = "$(BUILT_PRODUCTS_DIR)/SixThings.app/SixThings";
			};
			name = Debug;
		};
		52D3DD701B148E6100B6F411 /* Release */ = {
			isa = XCBuildConfiguration;
			buildSettings = {
				BUNDLE_LOADER = "$(TEST_HOST)";
				FRAMEWORK_SEARCH_PATHS = (
					"$(SDKROOT)/Developer/Library/Frameworks",
					"$(inherited)",
				);
				INFOPLIST_FILE = SixThingsTests/Info.plist;
				LD_RUNPATH_SEARCH_PATHS = "$(inherited) @executable_path/Frameworks @loader_path/Frameworks";
				PRODUCT_NAME = "$(TARGET_NAME)";
				TEST_HOST = "$(BUILT_PRODUCTS_DIR)/SixThings.app/SixThings";
			};
			name = Release;
		};
/* End XCBuildConfiguration section */

/* Begin XCConfigurationList section */
		52D3DD471B148E6100B6F411 /* Build configuration list for PBXProject "SixThings" */ = {
			isa = XCConfigurationList;
			buildConfigurations = (
				52D3DD691B148E6100B6F411 /* Debug */,
				52D3DD6A1B148E6100B6F411 /* Release */,
			);
			defaultConfigurationIsVisible = 0;
			defaultConfigurationName = Release;
		};
		52D3DD6B1B148E6100B6F411 /* Build configuration list for PBXNativeTarget "SixThings" */ = {
			isa = XCConfigurationList;
			buildConfigurations = (
				52D3DD6C1B148E6100B6F411 /* Debug */,
				52D3DD6D1B148E6100B6F411 /* Release */,
			);
			defaultConfigurationIsVisible = 0;
			defaultConfigurationName = Release;
		};
		52D3DD6E1B148E6100B6F411 /* Build configuration list for PBXNativeTarget "SixThingsTests" */ = {
			isa = XCConfigurationList;
			buildConfigurations = (
				52D3DD6F1B148E6100B6F411 /* Debug */,
				52D3DD701B148E6100B6F411 /* Release */,
			);
			defaultConfigurationIsVisible = 0;
			defaultConfigurationName = Release;
		};
/* End XCConfigurationList section */
	};
	rootObject = 52D3DD441B148E6100B6F411 /* Project object */;
}
